// !$*UTF8*$!
{
	archiveVersion = 1;
	classes = {
	};
	objectVersion = 56;
	objects = {

/* Begin PBXBuildFile section */
		AB8FB5772A35159600439422 /* main.cpp in Sources */ = {isa = PBXBuildFile; fileRef = AB8FB5762A35159600439422 /* main.cpp */; };
		ABB112D92A37EE180038DEEC /* Text.cpp in Sources */ = {isa = PBXBuildFile; fileRef = ABB112D72A37EE180038DEEC /* Text.cpp */; };
		ABB112DC2A37F7810038DEEC /* Image.cpp in Sources */ = {isa = PBXBuildFile; fileRef = ABB112DA2A37F7810038DEEC /* Image.cpp */; };
		ABD8D3822A37D1EB00B22BDF /* libSDL2_ttf-2.0.0.dylib in Frameworks */ = {isa = PBXBuildFile; fileRef = ABD8D3812A37D1EB00B22BDF /* libSDL2_ttf-2.0.0.dylib */; };
		ABD8D3832A37D1EB00B22BDF /* libSDL2_ttf-2.0.0.dylib in Embed Libraries */ = {isa = PBXBuildFile; fileRef = ABD8D3812A37D1EB00B22BDF /* libSDL2_ttf-2.0.0.dylib */; settings = {ATTRIBUTES = (CodeSignOnCopy, ); }; };
		ABDAA41A2A3416FB007EBBA0 /* libSDL2-2.0.0.dylib in Frameworks */ = {isa = PBXBuildFile; fileRef = ABDAA4192A3416FB007EBBA0 /* libSDL2-2.0.0.dylib */; };
		ABDAA41C2A341E07007EBBA0 /* libSDL2_image-2.0.0.dylib in Frameworks */ = {isa = PBXBuildFile; fileRef = ABDAA41B2A341E07007EBBA0 /* libSDL2_image-2.0.0.dylib */; };
/* End PBXBuildFile section */

/* Begin PBXCopyFilesBuildPhase section */
		AB6E02812A33A2CD00747E8A /* CopyFiles */ = {
			isa = PBXCopyFilesBuildPhase;
			buildActionMask = 2147483647;
			dstPath = /usr/share/man/man1/;
			dstSubfolderSpec = 0;
			files = (
			);
			runOnlyForDeploymentPostprocessing = 1;
		};
		ABD8D3842A37D1EB00B22BDF /* Embed Libraries */ = {
			isa = PBXCopyFilesBuildPhase;
			buildActionMask = 2147483647;
			dstPath = "";
			dstSubfolderSpec = 10;
			files = (
				ABD8D3832A37D1EB00B22BDF /* libSDL2_ttf-2.0.0.dylib in Embed Libraries */,
			);
			name = "Embed Libraries";
			runOnlyForDeploymentPostprocessing = 0;
		};
/* End PBXCopyFilesBuildPhase section */

/* Begin PBXFileReference section */
		AB6E02832A33A2CD00747E8A /* cpp-synthesizing-natural-textures */ = {isa = PBXFileReference; explicitFileType = "compiled.mach-o.executable"; includeInIndex = 0; path = "cpp-synthesizing-natural-textures"; sourceTree = BUILT_PRODUCTS_DIR; };
		AB8FB5762A35159600439422 /* main.cpp */ = {isa = PBXFileReference; lastKnownFileType = sourcecode.cpp.cpp; path = main.cpp; sourceTree = "<group>"; };
		ABB112D72A37EE180038DEEC /* Text.cpp */ = {isa = PBXFileReference; lastKnownFileType = sourcecode.cpp.cpp; path = Text.cpp; sourceTree = "<group>"; };
		ABB112D82A37EE180038DEEC /* Text.h */ = {isa = PBXFileReference; lastKnownFileType = sourcecode.c.h; path = Text.h; sourceTree = "<group>"; };
		ABB112DA2A37F7810038DEEC /* Image.cpp */ = {isa = PBXFileReference; lastKnownFileType = sourcecode.cpp.cpp; path = Image.cpp; sourceTree = "<group>"; };
		ABB112DB2A37F7810038DEEC /* Image.h */ = {isa = PBXFileReference; lastKnownFileType = sourcecode.c.h; path = Image.h; sourceTree = "<group>"; };
		ABD8D3812A37D1EB00B22BDF /* libSDL2_ttf-2.0.0.dylib */ = {isa = PBXFileReference; lastKnownFileType = "compiled.mach-o.dylib"; name = "libSDL2_ttf-2.0.0.dylib"; path = "../../../../../opt/homebrew/Cellar/sdl2_ttf/2.20.2/lib/libSDL2_ttf-2.0.0.dylib"; sourceTree = "<group>"; };
		ABD8D3852A37D67D00B22BDF /* arial.ttf */ = {isa = PBXFileReference; lastKnownFileType = file; path = arial.ttf; sourceTree = "<group>"; };
		ABDAA4192A3416FB007EBBA0 /* libSDL2-2.0.0.dylib */ = {isa = PBXFileReference; lastKnownFileType = "compiled.mach-o.dylib"; name = "libSDL2-2.0.0.dylib"; path = "../../../../../opt/homebrew/Cellar/sdl2/2.26.5/lib/libSDL2-2.0.0.dylib"; sourceTree = "<group>"; };
		ABDAA41B2A341E07007EBBA0 /* libSDL2_image-2.0.0.dylib */ = {isa = PBXFileReference; lastKnownFileType = "compiled.mach-o.dylib"; name = "libSDL2_image-2.0.0.dylib"; path = "../../../../../opt/homebrew/Cellar/sdl2_image/2.6.3_1/lib/libSDL2_image-2.0.0.dylib"; sourceTree = "<group>"; };
		ABDAA41F2A3425AE007EBBA0 /* Base */ = {isa = PBXFileReference; lastKnownFileType = image.png; name = Base; path = Base.lproj/t.png; sourceTree = "<group>"; };
		ABDAA4212A3425BC007EBBA0 /* Base */ = {isa = PBXFileReference; lastKnownFileType = image.png; name = Base; path = Base.lproj/i.png; sourceTree = "<group>"; };
/* End PBXFileReference section */

/* Begin PBXFrameworksBuildPhase section */
		AB6E02802A33A2CD00747E8A /* Frameworks */ = {
			isa = PBXFrameworksBuildPhase;
			buildActionMask = 2147483647;
			files = (
				ABD8D3822A37D1EB00B22BDF /* libSDL2_ttf-2.0.0.dylib in Frameworks */,
				ABDAA41C2A341E07007EBBA0 /* libSDL2_image-2.0.0.dylib in Frameworks */,
				ABDAA41A2A3416FB007EBBA0 /* libSDL2-2.0.0.dylib in Frameworks */,
			);
			runOnlyForDeploymentPostprocessing = 0;
		};
/* End PBXFrameworksBuildPhase section */

/* Begin PBXGroup section */
		AB6E027A2A33A2CD00747E8A = {
			isa = PBXGroup;
			children = (
				ABB112DA2A37F7810038DEEC /* Image.cpp */,
				ABB112DB2A37F7810038DEEC /* Image.h */,
				ABB112D72A37EE180038DEEC /* Text.cpp */,
				ABB112D82A37EE180038DEEC /* Text.h */,
				AB6E02852A33A2CD00747E8A /* cpp-synthesizing-natural-textures */,
				AB6E02842A33A2CD00747E8A /* Products */,
				ABDAA4182A3416FB007EBBA0 /* Frameworks */,
			);
			sourceTree = "<group>";
		};
		AB6E02842A33A2CD00747E8A /* Products */ = {
			isa = PBXGroup;
			children = (
				AB6E02832A33A2CD00747E8A /* cpp-synthesizing-natural-textures */,
			);
			name = Products;
			sourceTree = "<group>";
		};
		AB6E02852A33A2CD00747E8A /* cpp-synthesizing-natural-textures */ = {
			isa = PBXGroup;
			children = (
				ABD8D3852A37D67D00B22BDF /* arial.ttf */,
				ABDAA4222A3425BC007EBBA0 /* i.png */,
				ABDAA4202A3425AE007EBBA0 /* t.png */,
				AB8FB5762A35159600439422 /* main.cpp */,
			);
			path = "cpp-synthesizing-natural-textures";
			sourceTree = "<group>";
		};
		ABDAA4182A3416FB007EBBA0 /* Frameworks */ = {
			isa = PBXGroup;
			children = (
				ABD8D3812A37D1EB00B22BDF /* libSDL2_ttf-2.0.0.dylib */,
				ABDAA41B2A341E07007EBBA0 /* libSDL2_image-2.0.0.dylib */,
				ABDAA4192A3416FB007EBBA0 /* libSDL2-2.0.0.dylib */,
			);
			name = Frameworks;
			sourceTree = "<group>";
		};
/* End PBXGroup section */

/* Begin PBXNativeTarget section */
		AB6E02822A33A2CD00747E8A /* cpp-synthesizing-natural-textures */ = {
			isa = PBXNativeTarget;
			buildConfigurationList = AB6E028A2A33A2CD00747E8A /* Build configuration list for PBXNativeTarget "cpp-synthesizing-natural-textures" */;
			buildPhases = (
				AB6E027F2A33A2CD00747E8A /* Sources */,
				AB6E02802A33A2CD00747E8A /* Frameworks */,
				AB6E02812A33A2CD00747E8A /* CopyFiles */,
				ABD8D3842A37D1EB00B22BDF /* Embed Libraries */,
			);
			buildRules = (
			);
			dependencies = (
			);
			name = "cpp-synthesizing-natural-textures";
			productName = "cpp-synthesizing-natural-textures";
			productReference = AB6E02832A33A2CD00747E8A /* cpp-synthesizing-natural-textures */;
			productType = "com.apple.product-type.tool";
		};
/* End PBXNativeTarget section */

/* Begin PBXProject section */
		AB6E027B2A33A2CD00747E8A /* Project object */ = {
			isa = PBXProject;
			attributes = {
				BuildIndependentTargetsInParallel = 1;
				LastUpgradeCheck = 1430;
				TargetAttributes = {
					AB6E02822A33A2CD00747E8A = {
						CreatedOnToolsVersion = 14.3;
					};
				};
			};
			buildConfigurationList = AB6E027E2A33A2CD00747E8A /* Build configuration list for PBXProject "cpp-synthesizing-natural-textures" */;
			compatibilityVersion = "Xcode 14.0";
			developmentRegion = en;
			hasScannedForEncodings = 0;
			knownRegions = (
				en,
				Base,
			);
			mainGroup = AB6E027A2A33A2CD00747E8A;
			productRefGroup = AB6E02842A33A2CD00747E8A /* Products */;
			projectDirPath = "";
			projectRoot = "";
			targets = (
				AB6E02822A33A2CD00747E8A /* cpp-synthesizing-natural-textures */,
			);
		};
/* End PBXProject section */

/* Begin PBXSourcesBuildPhase section */
		AB6E027F2A33A2CD00747E8A /* Sources */ = {
			isa = PBXSourcesBuildPhase;
			buildActionMask = 2147483647;
			files = (
				ABB112DC2A37F7810038DEEC /* Image.cpp in Sources */,
				ABB112D92A37EE180038DEEC /* Text.cpp in Sources */,
				AB8FB5772A35159600439422 /* main.cpp in Sources */,
			);
			runOnlyForDeploymentPostprocessing = 0;
		};
/* End PBXSourcesBuildPhase section */

/* Begin PBXVariantGroup section */
		ABDAA4202A3425AE007EBBA0 /* t.png */ = {
			isa = PBXVariantGroup;
			children = (
				ABDAA41F2A3425AE007EBBA0 /* Base */,
			);
			name = t.png;
			sourceTree = "<group>";
		};
		ABDAA4222A3425BC007EBBA0 /* i.png */ = {
			isa = PBXVariantGroup;
			children = (
				ABDAA4212A3425BC007EBBA0 /* Base */,
			);
			name = i.png;
			sourceTree = "<group>";
		};
/* End PBXVariantGroup section */

/* Begin XCBuildConfiguration section */
		AB6E02882A33A2CD00747E8A /* Debug */ = {
			isa = XCBuildConfiguration;
			buildSettings = {
				ALWAYS_SEARCH_USER_PATHS = NO;
				CLANG_ANALYZER_NONNULL = YES;
				CLANG_ANALYZER_NUMBER_OBJECT_CONVERSION = YES_AGGRESSIVE;
				CLANG_CXX_LANGUAGE_STANDARD = "gnu++20";
				CLANG_ENABLE_MODULES = YES;
				CLANG_ENABLE_OBJC_ARC = YES;
				CLANG_ENABLE_OBJC_WEAK = YES;
				CLANG_WARN_BLOCK_CAPTURE_AUTORELEASING = YES;
				CLANG_WARN_BOOL_CONVERSION = YES;
				CLANG_WARN_COMMA = YES;
				CLANG_WARN_CONSTANT_CONVERSION = YES;
				CLANG_WARN_DEPRECATED_OBJC_IMPLEMENTATIONS = YES;
				CLANG_WARN_DIRECT_OBJC_ISA_USAGE = YES_ERROR;
				CLANG_WARN_DOCUMENTATION_COMMENTS = YES;
				CLANG_WARN_EMPTY_BODY = YES;
				CLANG_WARN_ENUM_CONVERSION = YES;
				CLANG_WARN_INFINITE_RECURSION = YES;
				CLANG_WARN_INT_CONVERSION = YES;
				CLANG_WARN_NON_LITERAL_NULL_CONVERSION = YES;
				CLANG_WARN_OBJC_IMPLICIT_RETAIN_SELF = YES;
				CLANG_WARN_OBJC_LITERAL_CONVERSION = YES;
				CLANG_WARN_OBJC_ROOT_CLASS = YES_ERROR;
				CLANG_WARN_QUOTED_INCLUDE_IN_FRAMEWORK_HEADER = YES;
				CLANG_WARN_RANGE_LOOP_ANALYSIS = YES;
				CLANG_WARN_STRICT_PROTOTYPES = YES;
				CLANG_WARN_SUSPICIOUS_MOVE = YES;
				CLANG_WARN_UNGUARDED_AVAILABILITY = YES_AGGRESSIVE;
				CLANG_WARN_UNREACHABLE_CODE = YES;
				CLANG_WARN__DUPLICATE_METHOD_MATCH = YES;
				COPY_PHASE_STRIP = NO;
				DEBUG_INFORMATION_FORMAT = dwarf;
				ENABLE_STRICT_OBJC_MSGSEND = YES;
				ENABLE_TESTABILITY = YES;
				GCC_C_LANGUAGE_STANDARD = gnu11;
				GCC_DYNAMIC_NO_PIC = NO;
				GCC_NO_COMMON_BLOCKS = YES;
				GCC_OPTIMIZATION_LEVEL = 0;
				GCC_PREPROCESSOR_DEFINITIONS = (
					"DEBUG=1",
					"$(inherited)",
				);
				GCC_WARN_64_TO_32_BIT_CONVERSION = YES;
				GCC_WARN_ABOUT_RETURN_TYPE = YES_ERROR;
				GCC_WARN_UNDECLARED_SELECTOR = YES;
				GCC_WARN_UNINITIALIZED_AUTOS = YES_AGGRESSIVE;
				GCC_WARN_UNUSED_FUNCTION = YES;
				GCC_WARN_UNUSED_VARIABLE = YES;
				HEADER_SEARCH_PATHS = /user/local/include;
				MACOSX_DEPLOYMENT_TARGET = 13.3;
				MTL_ENABLE_DEBUG_INFO = INCLUDE_SOURCE;
				MTL_FAST_MATH = YES;
				ONLY_ACTIVE_ARCH = YES;
				SDKROOT = macosx;
			};
			name = Debug;
		};
		AB6E02892A33A2CD00747E8A /* Release */ = {
			isa = XCBuildConfiguration;
			buildSettings = {
				ALWAYS_SEARCH_USER_PATHS = NO;
				CLANG_ANALYZER_NONNULL = YES;
				CLANG_ANALYZER_NUMBER_OBJECT_CONVERSION = YES_AGGRESSIVE;
				CLANG_CXX_LANGUAGE_STANDARD = "gnu++20";
				CLANG_ENABLE_MODULES = YES;
				CLANG_ENABLE_OBJC_ARC = YES;
				CLANG_ENABLE_OBJC_WEAK = YES;
				CLANG_WARN_BLOCK_CAPTURE_AUTORELEASING = YES;
				CLANG_WARN_BOOL_CONVERSION = YES;
				CLANG_WARN_COMMA = YES;
				CLANG_WARN_CONSTANT_CONVERSION = YES;
				CLANG_WARN_DEPRECATED_OBJC_IMPLEMENTATIONS = YES;
				CLANG_WARN_DIRECT_OBJC_ISA_USAGE = YES_ERROR;
				CLANG_WARN_DOCUMENTATION_COMMENTS = YES;
				CLANG_WARN_EMPTY_BODY = YES;
				CLANG_WARN_ENUM_CONVERSION = YES;
				CLANG_WARN_INFINITE_RECURSION = YES;
				CLANG_WARN_INT_CONVERSION = YES;
				CLANG_WARN_NON_LITERAL_NULL_CONVERSION = YES;
				CLANG_WARN_OBJC_IMPLICIT_RETAIN_SELF = YES;
				CLANG_WARN_OBJC_LITERAL_CONVERSION = YES;
				CLANG_WARN_OBJC_ROOT_CLASS = YES_ERROR;
				CLANG_WARN_QUOTED_INCLUDE_IN_FRAMEWORK_HEADER = YES;
				CLANG_WARN_RANGE_LOOP_ANALYSIS = YES;
				CLANG_WARN_STRICT_PROTOTYPES = YES;
				CLANG_WARN_SUSPICIOUS_MOVE = YES;
				CLANG_WARN_UNGUARDED_AVAILABILITY = YES_AGGRESSIVE;
				CLANG_WARN_UNREACHABLE_CODE = YES;
				CLANG_WARN__DUPLICATE_METHOD_MATCH = YES;
				COPY_PHASE_STRIP = NO;
				DEBUG_INFORMATION_FORMAT = "dwarf-with-dsym";
				ENABLE_NS_ASSERTIONS = NO;
				ENABLE_STRICT_OBJC_MSGSEND = YES;
				GCC_C_LANGUAGE_STANDARD = gnu11;
				GCC_NO_COMMON_BLOCKS = YES;
				GCC_WARN_64_TO_32_BIT_CONVERSION = YES;
				GCC_WARN_ABOUT_RETURN_TYPE = YES_ERROR;
				GCC_WARN_UNDECLARED_SELECTOR = YES;
				GCC_WARN_UNINITIALIZED_AUTOS = YES_AGGRESSIVE;
				GCC_WARN_UNUSED_FUNCTION = YES;
				GCC_WARN_UNUSED_VARIABLE = YES;
				HEADER_SEARCH_PATHS = /user/local/include;
				MACOSX_DEPLOYMENT_TARGET = 13.3;
				MTL_ENABLE_DEBUG_INFO = NO;
				MTL_FAST_MATH = YES;
				SDKROOT = macosx;
			};
			name = Release;
		};
		AB6E028B2A33A2CD00747E8A /* Debug */ = {
			isa = XCBuildConfiguration;
			buildSettings = {
				CODE_SIGN_STYLE = Automatic;
				HEADER_SEARCH_PATHS = /opt/homebrew/include;
				LIBRARY_SEARCH_PATHS = (
					"$(inherited)",
					/opt/homebrew/Cellar/sdl2/2.26.5/lib,
					/opt/homebrew/Cellar/sdl2_image/2.6.3_1/lib,
					/opt/homebrew/Cellar/sdl2_ttf/2.20.2/lib,
				);
				PRODUCT_NAME = "$(TARGET_NAME)";
			};
			name = Debug;
		};
		AB6E028C2A33A2CD00747E8A /* Release */ = {
			isa = XCBuildConfiguration;
			buildSettings = {
				CODE_SIGN_STYLE = Automatic;
				HEADER_SEARCH_PATHS = /opt/homebrew/include;
				LIBRARY_SEARCH_PATHS = (
					"$(inherited)",
					/opt/homebrew/Cellar/sdl2/2.26.5/lib,
					/opt/homebrew/Cellar/sdl2_image/2.6.3_1/lib,
					/opt/homebrew/Cellar/sdl2_ttf/2.20.2/lib,
				);
				PRODUCT_NAME = "$(TARGET_NAME)";
			};
			name = Release;
		};
/* End XCBuildConfiguration section */

/* Begin XCConfigurationList section */
		AB6E027E2A33A2CD00747E8A /* Build configuration list for PBXProject "cpp-synthesizing-natural-textures" */ = {
			isa = XCConfigurationList;
			buildConfigurations = (
				AB6E02882A33A2CD00747E8A /* Debug */,
				AB6E02892A33A2CD00747E8A /* Release */,
			);
			defaultConfigurationIsVisible = 0;
			defaultConfigurationName = Release;
		};
		AB6E028A2A33A2CD00747E8A /* Build configuration list for PBXNativeTarget "cpp-synthesizing-natural-textures" */ = {
			isa = XCConfigurationList;
			buildConfigurations = (
				AB6E028B2A33A2CD00747E8A /* Debug */,
				AB6E028C2A33A2CD00747E8A /* Release */,
			);
			defaultConfigurationIsVisible = 0;
			defaultConfigurationName = Release;
		};
/* End XCConfigurationList section */
	};
	rootObject = AB6E027B2A33A2CD00747E8A /* Project object */;
}
